Microsoft Visual Studio Solution File, Format Version 12.00
# Visual Studio Version 17
VisualStudioVersion = 17.5.2.0
MinimumVisualStudioVersion = 10.0.40219.1
Project("{FAE04EC0-301F-11D3-BF4B-00C04F79EFBC}") = "IslandCaller", "IslandCaller.csproj", "{021FD2A5-5558-23A0-CFEE-61B3D413D1E1}"
EndProject
Project("{FAE04EC0-301F-11D3-BF4B-00C04F79EFBC}") = "IslandCaller.App", "IslandCaller.App\IslandCaller.App.csproj", "{F1F4DEAC-51FB-4053-6113-1A3CEC508184}"
EndProject
Project("{FAE04EC0-301F-11D3-BF4B-00C04F79EFBC}") = "IslandCaller.Plugin2", "IslandCaller.Plugin2\IslandCaller.Plugin2.csproj", "{90FF516F-567A-02C1-ACE5-337ADD845691}"
EndProject
Project("{FAE04EC0-301F-11D3-BF4B-00C04F79EFBC}") = "Previewer", "Previewer\Previewer.csproj", "{5A0E89F1-344D-A0EC-2D3F-239268A83E26}"
EndProject
Global
	GlobalSection(SolutionConfigurationPlatforms) = preSolution
		Debug|Any CPU = Debug|Any CPU
		Release|Any CPU = Release|Any CPU
	EndGlobalSection
	GlobalSection(ProjectConfigurationPlatforms) = postSolution
		{021FD2A5-5558-23A0-CFEE-61B3D413D1E1}.Debug|Any CPU.ActiveCfg = Debug|Any CPU
		{021FD2A5-5558-23A0-CFEE-61B3D413D1E1}.Debug|Any CPU.Build.0 = Debug|Any CPU
		{021FD2A5-5558-23A0-CFEE-61B3D413D1E1}.Release|Any CPU.ActiveCfg = Release|Any CPU
		{021FD2A5-5558-23A0-CFEE-61B3D413D1E1}.Release|Any CPU.Build.0 = Release|Any CPU
		{F1F4DEAC-51FB-4053-6113-1A3CEC508184}.Debug|Any CPU.ActiveCfg = Debug|Any CPU
		{F1F4DEAC-51FB-4053-6113-1A3CEC508184}.Debug|Any CPU.Build.0 = Debug|Any CPU
		{F1F4DEAC-51FB-4053-6113-1A3CEC508184}.Release|Any CPU.ActiveCfg = Release|Any CPU
		{F1F4DEAC-51FB-4053-6113-1A3CEC508184}.Release|Any CPU.Build.0 = Release|Any CPU
		{90FF516F-567A-02C1-ACE5-337ADD845691}.Debug|Any CPU.ActiveCfg = Debug|Any CPU
		{90FF516F-567A-02C1-ACE5-337ADD845691}.Debug|Any CPU.Build.0 = Debug|Any CPU
		{90FF516F-567A-02C1-ACE5-337ADD845691}.Release|Any CPU.ActiveCfg = Release|Any CPU
		{90FF516F-567A-02C1-ACE5-337ADD845691}.Release|Any CPU.Build.0 = Release|Any CPU
		{5A0E89F1-344D-A0EC-2D3F-239268A83E26}.Debug|Any CPU.ActiveCfg = Debug|Any CPU
		{5A0E89F1-344D-A0EC-2D3F-239268A83E26}.Debug|Any CPU.Build.0 = Debug|Any CPU
		{5A0E89F1-344D-A0EC-2D3F-239268A83E26}.Release|Any CPU.ActiveCfg = Release|Any CPU
		{5A0E89F1-344D-A0EC-2D3F-239268A83E26}.Release|Any CPU.Build.0 = Release|Any CPU
	EndGlobalSection
	GlobalSection(SolutionProperties) = preSolution
		HideSolutionNode = FALSE
	EndGlobalSection
	GlobalSection(ExtensibilityGlobals) = postSolution
		SolutionGuid = {AB5D9F6E-CBDF-4994-9AA6-02B03A412C8D}
	EndGlobalSection
EndGlobal
